// !$*UTF8*$!
{
	archiveVersion = 1;
	classes = {
	};
	objectVersion = 50;
	objects = {

/* Begin PBXBuildFile section */
		2D8531C92170A27D001367DA /* main.cpp in Sources */ = {isa = PBXBuildFile; fileRef = 2D8531C82170A27D001367DA /* main.cpp */; };
		2D8531D12170A2B6001367DA /* SDL2.framework in Frameworks */ = {isa = PBXBuildFile; fileRef = 2D8531D02170A2B6001367DA /* SDL2.framework */; settings = {ATTRIBUTES = (Required, ); }; };
		2DF33C0E2170D11000D8F3B6 /* Window.cpp in Sources */ = {isa = PBXBuildFile; fileRef = 2DF33C0C2170D11000D8F3B6 /* Window.cpp */; };
		2DF33C242174576300D8F3B6 /* Particle.cpp in Sources */ = {isa = PBXBuildFile; fileRef = 2DF33C222174576300D8F3B6 /* Particle.cpp */; };
		2DF33C2721745A4300D8F3B6 /* Swarm.cpp in Sources */ = {isa = PBXBuildFile; fileRef = 2DF33C2521745A4300D8F3B6 /* Swarm.cpp */; };
/* End PBXBuildFile section */

/* Begin PBXCopyFilesBuildPhase section */
		2D8531C32170A27D001367DA /* CopyFiles */ = {
			isa = PBXCopyFilesBuildPhase;
			buildActionMask = 2147483647;
			dstPath = /usr/share/man/man1/;
			dstSubfolderSpec = 0;
			files = (
			);
			runOnlyForDeploymentPostprocessing = 1;
		};
/* End PBXCopyFilesBuildPhase section */

/* Begin PBXFileReference section */
		2D8531C52170A27D001367DA /* SampleSDL */ = {isa = PBXFileReference; explicitFileType = "compiled.mach-o.executable"; includeInIndex = 0; path = SampleSDL; sourceTree = BUILT_PRODUCTS_DIR; };
		2D8531C82170A27D001367DA /* main.cpp */ = {isa = PBXFileReference; lastKnownFileType = sourcecode.cpp.cpp; path = main.cpp; sourceTree = "<group>"; };
		2D8531D02170A2B6001367DA /* SDL2.framework */ = {isa = PBXFileReference; lastKnownFileType = wrapper.framework; name = SDL2.framework; path = SampleSDL/Dependencies/SDL2.framework; sourceTree = "<group>"; };
		2DF33C0C2170D11000D8F3B6 /* Window.cpp */ = {isa = PBXFileReference; lastKnownFileType = sourcecode.cpp.cpp; path = Window.cpp; sourceTree = "<group>"; };
		2DF33C0D2170D11000D8F3B6 /* Window.hpp */ = {isa = PBXFileReference; lastKnownFileType = sourcecode.cpp.h; path = Window.hpp; sourceTree = "<group>"; };
		2DF33C222174576300D8F3B6 /* Particle.cpp */ = {isa = PBXFileReference; lastKnownFileType = sourcecode.cpp.cpp; path = Particle.cpp; sourceTree = "<group>"; };
		2DF33C232174576300D8F3B6 /* Particle.hpp */ = {isa = PBXFileReference; lastKnownFileType = sourcecode.cpp.h; path = Particle.hpp; sourceTree = "<group>"; };
		2DF33C2521745A4300D8F3B6 /* Swarm.cpp */ = {isa = PBXFileReference; lastKnownFileType = sourcecode.cpp.cpp; path = Swarm.cpp; sourceTree = "<group>"; };
		2DF33C2621745A4300D8F3B6 /* Swarm.hpp */ = {isa = PBXFileReference; lastKnownFileType = sourcecode.cpp.h; path = Swarm.hpp; sourceTree = "<group>"; };
/* End PBXFileReference section */

/* Begin PBXFrameworksBuildPhase section */
		2D8531C22170A27D001367DA /* Frameworks */ = {
			isa = PBXFrameworksBuildPhase;
			buildActionMask = 2147483647;
			files = (
				2D8531D12170A2B6001367DA /* SDL2.framework in Frameworks */,
			);
			runOnlyForDeploymentPostprocessing = 0;
		};
/* End PBXFrameworksBuildPhase section */

/* Begin PBXGroup section */
		2D8531BC2170A27D001367DA = {
			isa = PBXGroup;
			children = (
				2D8531C72170A27D001367DA /* SampleSDL */,
				2D8531C62170A27D001367DA /* Products */,
				2D8531CF2170A2B6001367DA /* Frameworks */,
			);
			sourceTree = "<group>";
		};
		2D8531C62170A27D001367DA /* Products */ = {
			isa = PBXGroup;
			children = (
				2D8531C52170A27D001367DA /* SampleSDL */,
			);
			name = Products;
			sourceTree = "<group>";
		};
		2D8531C72170A27D001367DA /* SampleSDL */ = {
			isa = PBXGroup;
			children = (
				2D8531C82170A27D001367DA /* main.cpp */,
				2DF33C2521745A4300D8F3B6 /* Swarm.cpp */,
				2DF33C2621745A4300D8F3B6 /* Swarm.hpp */,
				2DF33C0D2170D11000D8F3B6 /* Window.hpp */,
				2DF33C0C2170D11000D8F3B6 /* Window.cpp */,
				2DF33C222174576300D8F3B6 /* Particle.cpp */,
				2DF33C232174576300D8F3B6 /* Particle.hpp */,
			);
			path = SampleSDL;
			sourceTree = "<group>";
		};
		2D8531CF2170A2B6001367DA /* Frameworks */ = {
			isa = PBXGroup;
			children = (
				2D8531D02170A2B6001367DA /* SDL2.framework */,
			);
			name = Frameworks;
			sourceTree = "<group>";
		};
/* End PBXGroup section */

/* Begin PBXNativeTarget section */
		2D8531C42170A27D001367DA /* SampleSDL */ = {
			isa = PBXNativeTarget;
			buildConfigurationList = 2D8531CC2170A27D001367DA /* Build configuration list for PBXNativeTarget "SampleSDL" */;
			buildPhases = (
				2D8531C12170A27D001367DA /* Sources */,
				2D8531C22170A27D001367DA /* Frameworks */,
				2D8531C32170A27D001367DA /* CopyFiles */,
			);
			buildRules = (
			);
			dependencies = (
			);
			name = SampleSDL;
			productName = SampleSDL;
			productReference = 2D8531C52170A27D001367DA /* SampleSDL */;
			productType = "com.apple.product-type.tool";
		};
/* End PBXNativeTarget section */

/* Begin PBXProject section */
		2D8531BD2170A27D001367DA /* Project object */ = {
			isa = PBXProject;
			attributes = {
				LastUpgradeCheck = 1000;
				ORGANIZATIONNAME = konymp;
				TargetAttributes = {
					2D8531C42170A27D001367DA = {
						CreatedOnToolsVersion = 10.0;
					};
				};
			};
			buildConfigurationList = 2D8531C02170A27D001367DA /* Build configuration list for PBXProject "SampleSDL" */;
			compatibilityVersion = "Xcode 9.3";
			developmentRegion = en;
			hasScannedForEncodings = 0;
			knownRegions = (
				en,
			);
			mainGroup = 2D8531BC2170A27D001367DA;
			productRefGroup = 2D8531C62170A27D001367DA /* Products */;
			projectDirPath = "";
			projectRoot = "";
			targets = (
				2D8531C42170A27D001367DA /* SampleSDL */,
			);
		};
/* End PBXProject section */

/* Begin PBXSourcesBuildPhase section */
		2D8531C12170A27D001367DA /* Sources */ = {
			isa = PBXSourcesBuildPhase;
			buildActionMask = 2147483647;
			files = (
				2DF33C2721745A4300D8F3B6 /* Swarm.cpp in Sources */,
				2D8531C92170A27D001367DA /* main.cpp in Sources */,
				2DF33C242174576300D8F3B6 /* Particle.cpp in Sources */,
				2DF33C0E2170D11000D8F3B6 /* Window.cpp in Sources */,
			);
			runOnlyForDeploymentPostprocessing = 0;
		};
/* End PBXSourcesBuildPhase section */

/* Begin XCBuildConfiguration section */
		2D8531CA2170A27D001367DA /* Debug */ = {
			isa = XCBuildConfiguration;
			buildSettings = {
				ALWAYS_SEARCH_USER_PATHS = NO;
				CLANG_ANALYZER_NONNULL = YES;
				CLANG_ANALYZER_NUMBER_OBJECT_CONVERSION = YES_AGGRESSIVE;
				CLANG_CXX_LANGUAGE_STANDARD = "gnu++14";
				CLANG_CXX_LIBRARY = "libc++";
				CLANG_ENABLE_MODULES = YES;
				CLANG_ENABLE_OBJC_ARC = YES;
				CLANG_ENABLE_OBJC_WEAK = YES;
				CLANG_WARN_BLOCK_CAPTURE_AUTORELEASING = YES;
				CLANG_WARN_BOOL_CONVERSION = YES;
				CLANG_WARN_COMMA = YES;
				CLANG_WARN_CONSTANT_CONVERSION = YES;
				CLANG_WARN_DEPRECATED_OBJC_IMPLEMENTATIONS = YES;
				CLANG_WARN_DIRECT_OBJC_ISA_USAGE = YES_ERROR;
				CLANG_WARN_DOCUMENTATION_COMMENTS = YES;
				CLANG_WARN_EMPTY_BODY = YES;
				CLANG_WARN_ENUM_CONVERSION = YES;
				CLANG_WARN_INFINITE_RECURSION = YES;
				CLANG_WARN_INT_CONVERSION = YES;
				CLANG_WARN_NON_LITERAL_NULL_CONVERSION = YES;
				CLANG_WARN_OBJC_IMPLICIT_RETAIN_SELF = YES;
				CLANG_WARN_OBJC_LITERAL_CONVERSION = YES;
				CLANG_WARN_OBJC_ROOT_CLASS = YES_ERROR;
				CLANG_WARN_RANGE_LOOP_ANALYSIS = YES;
				CLANG_WARN_STRICT_PROTOTYPES = YES;
				CLANG_WARN_SUSPICIOUS_MOVE = YES;
				CLANG_WARN_UNGUARDED_AVAILABILITY = YES_AGGRESSIVE;
				CLANG_WARN_UNREACHABLE_CODE = YES;
				CLANG_WARN__DUPLICATE_METHOD_MATCH = YES;
				CODE_SIGN_IDENTITY = "-";
				COPY_PHASE_STRIP = NO;
				DEBUG_INFORMATION_FORMAT = dwarf;
				ENABLE_STRICT_OBJC_MSGSEND = YES;
				ENABLE_TESTABILITY = YES;
				GCC_C_LANGUAGE_STANDARD = gnu11;
				GCC_DYNAMIC_NO_PIC = NO;
				GCC_NO_COMMON_BLOCKS = YES;
				GCC_OPTIMIZATION_LEVEL = 0;
				GCC_PREPROCESSOR_DEFINITIONS = (
					"DEBUG=1",
					"$(inherited)",
				);
				GCC_WARN_64_TO_32_BIT_CONVERSION = YES;
				GCC_WARN_ABOUT_RETURN_TYPE = YES_ERROR;
				GCC_WARN_UNDECLARED_SELECTOR = YES;
				GCC_WARN_UNINITIALIZED_AUTOS = YES_AGGRESSIVE;
				GCC_WARN_UNUSED_FUNCTION = YES;
				GCC_WARN_UNUSED_VARIABLE = YES;
				MACOSX_DEPLOYMENT_TARGET = 10.13;
				MTL_ENABLE_DEBUG_INFO = INCLUDE_SOURCE;
				MTL_FAST_MATH = YES;
				ONLY_ACTIVE_ARCH = YES;
				SDKROOT = macosx;
			};
			name = Debug;
		};
		2D8531CB2170A27D001367DA /* Release */ = {
			isa = XCBuildConfiguration;
			buildSettings = {
				ALWAYS_SEARCH_USER_PATHS = NO;
				CLANG_ANALYZER_NONNULL = YES;
				CLANG_ANALYZER_NUMBER_OBJECT_CONVERSION = YES_AGGRESSIVE;
				CLANG_CXX_LANGUAGE_STANDARD = "gnu++14";
				CLANG_CXX_LIBRARY = "libc++";
				CLANG_ENABLE_MODULES = YES;
				CLANG_ENABLE_OBJC_ARC = YES;
				CLANG_ENABLE_OBJC_WEAK = YES;
				CLANG_WARN_BLOCK_CAPTURE_AUTORELEASING = YES;
				CLANG_WARN_BOOL_CONVERSION = YES;
				CLANG_WARN_COMMA = YES;
				CLANG_WARN_CONSTANT_CONVERSION = YES;
				CLANG_WARN_DEPRECATED_OBJC_IMPLEMENTATIONS = YES;
				CLANG_WARN_DIRECT_OBJC_ISA_USAGE = YES_ERROR;
				CLANG_WARN_DOCUMENTATION_COMMENTS = YES;
				CLANG_WARN_EMPTY_BODY = YES;
				CLANG_WARN_ENUM_CONVERSION = YES;
				CLANG_WARN_INFINITE_RECURSION = YES;
				CLANG_WARN_INT_CONVERSION = YES;
				CLANG_WARN_NON_LITERAL_NULL_CONVERSION = YES;
				CLANG_WARN_OBJC_IMPLICIT_RETAIN_SELF = YES;
				CLANG_WARN_OBJC_LITERAL_CONVERSION = YES;
				CLANG_WARN_OBJC_ROOT_CLASS = YES_ERROR;
				CLANG_WARN_RANGE_LOOP_ANALYSIS = YES;
				CLANG_WARN_STRICT_PROTOTYPES = YES;
				CLANG_WARN_SUSPICIOUS_MOVE = YES;
				CLANG_WARN_UNGUARDED_AVAILABILITY = YES_AGGRESSIVE;
				CLANG_WARN_UNREACHABLE_CODE = YES;
				CLANG_WARN__DUPLICATE_METHOD_MATCH = YES;
				CODE_SIGN_IDENTITY = "-";
				COPY_PHASE_STRIP = NO;
				DEBUG_INFORMATION_FORMAT = "dwarf-with-dsym";
				ENABLE_NS_ASSERTIONS = NO;
				ENABLE_STRICT_OBJC_MSGSEND = YES;
				GCC_C_LANGUAGE_STANDARD = gnu11;
				GCC_NO_COMMON_BLOCKS = YES;
				GCC_WARN_64_TO_32_BIT_CONVERSION = YES;
				GCC_WARN_ABOUT_RETURN_TYPE = YES_ERROR;
				GCC_WARN_UNDECLARED_SELECTOR = YES;
				GCC_WARN_UNINITIALIZED_AUTOS = YES_AGGRESSIVE;
				GCC_WARN_UNUSED_FUNCTION = YES;
				GCC_WARN_UNUSED_VARIABLE = YES;
				MACOSX_DEPLOYMENT_TARGET = 10.13;
				MTL_ENABLE_DEBUG_INFO = NO;
				MTL_FAST_MATH = YES;
				SDKROOT = macosx;
			};
			name = Release;
		};
		2D8531CD2170A27D001367DA /* Debug */ = {
			isa = XCBuildConfiguration;
			buildSettings = {
				CODE_SIGN_IDENTITY = "Mac Developer";
				CODE_SIGN_STYLE = Automatic;
				DEVELOPMENT_TEAM = QA4MPL5H8R;
				FRAMEWORK_SEARCH_PATHS = (
					"$(inherited)",
					"$(PROJECT_DIR)/SampleSDL/Dependencies",
				);
				INFOPLIST_FILE = "$(SRCROOT)/info.plist";
				PRODUCT_NAME = "$(TARGET_NAME)";
				PROVISIONING_PROFILE_SPECIFIER = "";
			};
			name = Debug;
		};
		2D8531CE2170A27D001367DA /* Release */ = {
			isa = XCBuildConfiguration;
			buildSettings = {
				CODE_SIGN_IDENTITY = "Mac Developer";
				CODE_SIGN_STYLE = Automatic;
				DEVELOPMENT_TEAM = QA4MPL5H8R;
				FRAMEWORK_SEARCH_PATHS = (
					"$(inherited)",
					"$(PROJECT_DIR)/SampleSDL/Dependencies",
				);
				INFOPLIST_FILE = "$(SRCROOT)/info.plist";
				PRODUCT_NAME = "$(TARGET_NAME)";
				PROVISIONING_PROFILE_SPECIFIER = "";
			};
			name = Release;
		};
/* End XCBuildConfiguration section */

/* Begin XCConfigurationList section */
		2D8531C02170A27D001367DA /* Build configuration list for PBXProject "SampleSDL" */ = {
			isa = XCConfigurationList;
			buildConfigurations = (
				2D8531CA2170A27D001367DA /* Debug */,
				2D8531CB2170A27D001367DA /* Release */,
			);
			defaultConfigurationIsVisible = 0;
			defaultConfigurationName = Release;
		};
		2D8531CC2170A27D001367DA /* Build configuration list for PBXNativeTarget "SampleSDL" */ = {
			isa = XCConfigurationList;
			buildConfigurations = (
				2D8531CD2170A27D001367DA /* Debug */,
				2D8531CE2170A27D001367DA /* Release */,
			);
			defaultConfigurationIsVisible = 0;
			defaultConfigurationName = Release;
		};
/* End XCConfigurationList section */
	};
	rootObject = 2D8531BD2170A27D001367DA /* Project object */;
}
